
Microsoft Visual Studio Solution File, Format Version 12.00
# Visual Studio 15
VisualStudioVersion = 15.0.26430.16
MinimumVisualStudioVersion = 10.0.40219.1
Project("{FAE04EC0-301F-11D3-BF4B-00C04F79EFBC}") = "VSoft", "VSoft\VSoft.csproj", "{9C860F06-45FA-471B-81E9-9F6942D21590}"
EndProject
Global
	GlobalSection(SolutionConfigurationPlatforms) = preSolution
		Debug|Any CPU = Debug|Any CPU
		Release|Any CPU = Release|Any CPU
	EndGlobalSection
	GlobalSection(ProjectConfigurationPlatforms) = postSolution
		{9C860F06-45FA-471B-81E9-9F6942D21590}.Debug|Any CPU.ActiveCfg = Debug|Any CPU
		{9C860F06-45FA-471B-81E9-9F6942D21590}.Debug|Any CPU.Build.0 = Debug|Any CPU
		{9C860F06-45FA-471B-81E9-9F6942D21590}.Release|Any CPU.ActiveCfg = Release|Any CPU
		{9C860F06-45FA-471B-81E9-9F6942D21590}.Release|Any CPU.Build.0 = Release|Any CPU
	EndGlobalSection
	GlobalSection(SolutionProperties) = preSolution
		HideSolutionNode = FALSE
	EndGlobalSection
EndGlobal
